
Microsoft Visual Studio Solution File, Format Version 12.00
# Visual Studio Version 16
VisualStudioVersion = 16.0.31321.278
MinimumVisualStudioVersion = 10.0.40219.1
Project("{FAE04EC0-301F-11D3-BF4B-00C04F79EFBC}") = "Lab2", "Lab2\Lab2.csproj", "{ED7B6A88-4EE0-4F06-9937-C8956C0AD0FC}"
EndProject
Project("{FAE04EC0-301F-11D3-BF4B-00C04F79EFBC}") = "Exercise1", "Exercise1\Exercise1.csproj", "{D1CEE53E-DDAA-45AA-8812-9151BF274FC2}"
EndProject
Project("{FAE04EC0-301F-11D3-BF4B-00C04F79EFBC}") = "Exercise2", "Exercise2\Exercise2.csproj", "{3E4F1B4A-7FB2-4616-8B43-6C51C8865AA2}"
EndProject
Project("{FAE04EC0-301F-11D3-BF4B-00C04F79EFBC}") = "Exercise3", "Exercise3\Exercise3.csproj", "{C953953D-86CE-4F59-A319-50381DF3EF35}"
EndProject
Project("{FAE04EC0-301F-11D3-BF4B-00C04F79EFBC}") = "Exercise4", "Exercise4\Exercise4.csproj", "{8418661C-CFD5-4250-83D4-0026E6999CE0}"
EndProject
Project("{FAE04EC0-301F-11D3-BF4B-00C04F79EFBC}") = "Exercise5", "Exercise5\Exercise5.csproj", "{BC892E19-E90C-408C-A960-B07B665BDC0A}"
EndProject
Global
	GlobalSection(SolutionConfigurationPlatforms) = preSolution
		Debug|Any CPU = Debug|Any CPU
		Release|Any CPU = Release|Any CPU
	EndGlobalSection
	GlobalSection(ProjectConfigurationPlatforms) = postSolution
		{ED7B6A88-4EE0-4F06-9937-C8956C0AD0FC}.Debug|Any CPU.ActiveCfg = Debug|Any CPU
		{ED7B6A88-4EE0-4F06-9937-C8956C0AD0FC}.Debug|Any CPU.Build.0 = Debug|Any CPU
		{ED7B6A88-4EE0-4F06-9937-C8956C0AD0FC}.Release|Any CPU.ActiveCfg = Release|Any CPU
		{ED7B6A88-4EE0-4F06-9937-C8956C0AD0FC}.Release|Any CPU.Build.0 = Release|Any CPU
		{D1CEE53E-DDAA-45AA-8812-9151BF274FC2}.Debug|Any CPU.ActiveCfg = Debug|Any CPU
		{D1CEE53E-DDAA-45AA-8812-9151BF274FC2}.Debug|Any CPU.Build.0 = Debug|Any CPU
		{D1CEE53E-DDAA-45AA-8812-9151BF274FC2}.Release|Any CPU.ActiveCfg = Release|Any CPU
		{D1CEE53E-DDAA-45AA-8812-9151BF274FC2}.Release|Any CPU.Build.0 = Release|Any CPU
		{3E4F1B4A-7FB2-4616-8B43-6C51C8865AA2}.Debug|Any CPU.ActiveCfg = Debug|Any CPU
		{3E4F1B4A-7FB2-4616-8B43-6C51C8865AA2}.Debug|Any CPU.Build.0 = Debug|Any CPU
		{3E4F1B4A-7FB2-4616-8B43-6C51C8865AA2}.Release|Any CPU.ActiveCfg = Release|Any CPU
		{3E4F1B4A-7FB2-4616-8B43-6C51C8865AA2}.Release|Any CPU.Build.0 = Release|Any CPU
		{C953953D-86CE-4F59-A319-50381DF3EF35}.Debug|Any CPU.ActiveCfg = Debug|Any CPU
		{C953953D-86CE-4F59-A319-50381DF3EF35}.Debug|Any CPU.Build.0 = Debug|Any CPU
		{C953953D-86CE-4F59-A319-50381DF3EF35}.Release|Any CPU.ActiveCfg = Release|Any CPU
		{C953953D-86CE-4F59-A319-50381DF3EF35}.Release|Any CPU.Build.0 = Release|Any CPU
		{8418661C-CFD5-4250-83D4-0026E6999CE0}.Debug|Any CPU.ActiveCfg = Debug|Any CPU
		{8418661C-CFD5-4250-83D4-0026E6999CE0}.Debug|Any CPU.Build.0 = Debug|Any CPU
		{8418661C-CFD5-4250-83D4-0026E6999CE0}.Release|Any CPU.ActiveCfg = Release|Any CPU
		{8418661C-CFD5-4250-83D4-0026E6999CE0}.Release|Any CPU.Build.0 = Release|Any CPU
		{BC892E19-E90C-408C-A960-B07B665BDC0A}.Debug|Any CPU.ActiveCfg = Debug|Any CPU
		{BC892E19-E90C-408C-A960-B07B665BDC0A}.Debug|Any CPU.Build.0 = Debug|Any CPU
		{BC892E19-E90C-408C-A960-B07B665BDC0A}.Release|Any CPU.ActiveCfg = Release|Any CPU
		{BC892E19-E90C-408C-A960-B07B665BDC0A}.Release|Any CPU.Build.0 = Release|Any CPU
	EndGlobalSection
	GlobalSection(SolutionProperties) = preSolution
		HideSolutionNode = FALSE
	EndGlobalSection
	GlobalSection(ExtensibilityGlobals) = postSolution
		SolutionGuid = {8163C1BA-E851-45CF-B03E-0B05095B4CAD}
	EndGlobalSection
EndGlobal
